# This file is autogenerated, do not edit; changes may be undone by the next 'dep ensure'.


[[projects]]
  digest = "1:34c2505c82d5a66e6416edff3143079fde53a00d1823df36728ba764038e5982"
  name = "github.com/centrifugal/centrifuge-go"
  packages = ["."]
  pruneopts = "UT"
  revision = "1d40ffb82b55e36e6872a06dca22a59ece30bef6"
  version = "v0.5.2"

[[projects]]
  digest = "1:15c82c9d5fece79f590a27da609c35d286ebbbc6d0497ceffb5e5d7a38787dce"
  name = "github.com/centrifugal/centrifuge-mobile"
  packages = ["."]
  pruneopts = "UT"
  revision = "5b1fc27467c34fad4cb1e4c3bf87449804b7b746"
  version = "v0.5.2"

[[projects]]
  digest = "1:2101889f9fd1425b5a140d78b2fd76dfb54505c42df19ff5713a53754b2455ca"
  name = "github.com/centrifugal/centrifugo"
  packages = ["libcentrifugo/auth"]
  pruneopts = "UT"
  revision = "587e67c9eec489bc0b06f888c20a6320c800b481"
  version = "v1.8.0"

[[projects]]
  digest = "1:4f572b02cb237a3b86fb8158d30efd1265937062573e8348699a522add93af8b"
  name = "github.com/centrifugal/protocol"
  packages = ["."]
  pruneopts = "UT"
  revision = "7b72506b2f93d6741cf47605e7fe721af60d818a"
  version = "v0.3.3"

[[projects]]
  digest = "1:e20a9d6598878d629e04541d96076bf232c1ee36f6b267c4a5dae7779f15c36a"
  name = "github.com/gogo/protobuf"
  packages = [
    "gogoproto",
    "proto",
    "protoc-gen-gogo/descriptor",
  ]
  pruneopts = "UT"
  revision = "5628607bb4c51c3157aacc3a50f0ab707582b805"
  version = "v1.3.1"

[[projects]]
  digest = "1:87dd45980510911fdde2927aeaa5278e3bf72ba8ad15f68b0c6447df1779c84f"
  name = "github.com/gorilla/securecookie"
  packages = ["."]
  pruneopts = "UT"
  revision = "e95799a481bbcc3d01c2ad5178524cb8bec9f370"

[[projects]]
  digest = "1:6d29f02f0f01c627c2be40fb7347669a9ff2aa215cb97747294c1d13ffa74bdd"
  name = "github.com/gorilla/websocket"
  packages = ["."]
  pruneopts = "UT"
  revision = "b65e62901fc1c0d968042419e74789f6af455eb9"
  version = "v1.4.2"

[[projects]]
  digest = "1:b6bbd2f9e0724bd81890c8644259f920c6d61c08453978faff0bebd25f3e7d3e"
  name = "github.com/jpillora/backoff"
  packages = ["."]
  pruneopts = "UT"
  revision = "8eab2debe79d12b7bd3d10653910df25fa9552ba"
  version = "1.0.0"

[solve-meta]
  analyzer-name = "dep"
  analyzer-version = 1
  input-imports = [
    "github.com/centrifugal/centrifuge-mobile",
    "github.com/centrifugal/centrifugo/libcentrifugo/auth",
    "github.com/gorilla/websocket",
    "github.com/jpillora/backoff",
  ]
  solver-name = "gps-cdcl"
  solver-version = 1
