# This file is autogenerated, do not edit; changes may be undone by the next 'dep ensure'.


[[projects]]
  branch = "c1"
  digest = "1:8c1b7af053879c0825ba7a0aacb221e3e0632131dcbd7fddd918cf471972b34e"
  name = "github.com/WallEnd/centrifuge-mobile"
  packages = ["."]
  pruneopts = "UT"
  revision = "7ef1096425ccf96fb44392c540cc40c0dc95c5f5"

[[projects]]
  digest = "1:2101889f9fd1425b5a140d78b2fd76dfb54505c42df19ff5713a53754b2455ca"
  name = "github.com/centrifugal/centrifugo"
  packages = ["libcentrifugo/auth"]
  pruneopts = "UT"
  revision = "587e67c9eec489bc0b06f888c20a6320c800b481"
  version = "v1.8.0"

[[projects]]
  digest = "1:87dd45980510911fdde2927aeaa5278e3bf72ba8ad15f68b0c6447df1779c84f"
  name = "github.com/gorilla/securecookie"
  packages = ["."]
  pruneopts = "UT"
  revision = "e95799a481bbcc3d01c2ad5178524cb8bec9f370"

[[projects]]
  digest = "1:6d29f02f0f01c627c2be40fb7347669a9ff2aa215cb97747294c1d13ffa74bdd"
  name = "github.com/gorilla/websocket"
  packages = ["."]
  pruneopts = "UT"
  revision = "b65e62901fc1c0d968042419e74789f6af455eb9"
  version = "v1.4.2"

[[projects]]
  digest = "1:b6bbd2f9e0724bd81890c8644259f920c6d61c08453978faff0bebd25f3e7d3e"
  name = "github.com/jpillora/backoff"
  packages = ["."]
  pruneopts = "UT"
  revision = "8eab2debe79d12b7bd3d10653910df25fa9552ba"
  version = "1.0.0"

[solve-meta]
  analyzer-name = "dep"
  analyzer-version = 1
  input-imports = [
    "github.com/WallEnd/centrifuge-mobile",
    "github.com/centrifugal/centrifugo/libcentrifugo/auth",
    "github.com/gorilla/websocket",
    "github.com/jpillora/backoff",
  ]
  solver-name = "gps-cdcl"
  solver-version = 1
